// !$*UTF8*$!
{
	archiveVersion = 1;
	classes = {
	};
	objectVersion = 46;
	objects = {

/* Begin PBXBuildFile section */
		471AE92D97565B722420E14D /* Pods_Uniform_Example.framework in Frameworks */ = {isa = PBXBuildFile; fileRef = 4CA14B98342F469B9EFAF2FC /* Pods_Uniform_Example.framework */; };
		5C4F880E1FA780D1004996F4 /* Camera.swift in Sources */ = {isa = PBXBuildFile; fileRef = 5C4F88091FA780D1004996F4 /* Camera.swift */; };
		5C4F880F1FA780D1004996F4 /* Model.swift in Sources */ = {isa = PBXBuildFile; fileRef = 5C4F880A1FA780D1004996F4 /* Model.swift */; };
		5C4F88101FA780D1004996F4 /* Video.swift in Sources */ = {isa = PBXBuildFile; fileRef = 5C4F880B1FA780D1004996F4 /* Video.swift */; };
		5C4F88111FA780D1004996F4 /* User.swift in Sources */ = {isa = PBXBuildFile; fileRef = 5C4F880C1FA780D1004996F4 /* User.swift */; };
		5C4F88121FA780D1004996F4 /* Badge.swift in Sources */ = {isa = PBXBuildFile; fileRef = 5C4F880D1FA780D1004996F4 /* Badge.swift */; };
		5C4F881F1FA78133004996F4 /* VideoCell.xib in Resources */ = {isa = PBXBuildFile; fileRef = 5C4F881D1FA78133004996F4 /* VideoCell.xib */; };
		5C4F88201FA78133004996F4 /* VideoCell.swift in Sources */ = {isa = PBXBuildFile; fileRef = 5C4F881E1FA78133004996F4 /* VideoCell.swift */; };
		5C4F88231FA78153004996F4 /* User+Actions.swift in Sources */ = {isa = PBXBuildFile; fileRef = 5C4F88221FA78153004996F4 /* User+Actions.swift */; };
		5C4F882C1FA78198004996F4 /* VideosViewController.swift in Sources */ = {isa = PBXBuildFile; fileRef = 5C4F88251FA78198004996F4 /* VideosViewController.swift */; };
		5C4F882D1FA78198004996F4 /* ProfileViewController.swift in Sources */ = {isa = PBXBuildFile; fileRef = 5C4F88261FA78198004996F4 /* ProfileViewController.swift */; };
		5C4F882E1FA78198004996F4 /* TabBarController.swift in Sources */ = {isa = PBXBuildFile; fileRef = 5C4F88271FA78198004996F4 /* TabBarController.swift */; };
		5C4F882F1FA78198004996F4 /* PlayerViewController.swift in Sources */ = {isa = PBXBuildFile; fileRef = 5C4F88281FA78198004996F4 /* PlayerViewController.swift */; };
		5C4F88301FA78198004996F4 /* VideosViewController.xib in Resources */ = {isa = PBXBuildFile; fileRef = 5C4F88291FA78198004996F4 /* VideosViewController.xib */; };
		5C4F88311FA78198004996F4 /* PlayerViewController.xib in Resources */ = {isa = PBXBuildFile; fileRef = 5C4F882A1FA78198004996F4 /* PlayerViewController.xib */; };
		5C4F88321FA78198004996F4 /* ProfileViewController.xib in Resources */ = {isa = PBXBuildFile; fileRef = 5C4F882B1FA78198004996F4 /* ProfileViewController.xib */; };
		5C7710271FFFF50500FB828A /* PullTests.swift in Sources */ = {isa = PBXBuildFile; fileRef = 5C7710261FFFF50500FB828A /* PullTests.swift */; };
		5CA846331FFEA05800B0FBA6 /* ConsistentEnvironments.swift in Sources */ = {isa = PBXBuildFile; fileRef = 5CA846311FFEA05800B0FBA6 /* ConsistentEnvironments.swift */; };
		5CA846341FFEA05800B0FBA6 /* ConsistentObjects.swift in Sources */ = {isa = PBXBuildFile; fileRef = 5CA846321FFEA05800B0FBA6 /* ConsistentObjects.swift */; };
		5CA846381FFEA07200B0FBA6 /* PushTests.swift in Sources */ = {isa = PBXBuildFile; fileRef = 5CA846361FFEA07200B0FBA6 /* PushTests.swift */; };
		5CA846391FFEA08900B0FBA6 /* Model.swift in Sources */ = {isa = PBXBuildFile; fileRef = 5C4F880A1FA780D1004996F4 /* Model.swift */; };
		607FACD61AFB9204008FA782 /* AppDelegate.swift in Sources */ = {isa = PBXBuildFile; fileRef = 607FACD51AFB9204008FA782 /* AppDelegate.swift */; };
		607FACDD1AFB9204008FA782 /* Images.xcassets in Resources */ = {isa = PBXBuildFile; fileRef = 607FACDC1AFB9204008FA782 /* Images.xcassets */; };
		607FACE01AFB9204008FA782 /* LaunchScreen.xib in Resources */ = {isa = PBXBuildFile; fileRef = 607FACDE1AFB9204008FA782 /* LaunchScreen.xib */; };
		F16C4675026255ED33CDF848 /* Pods_Uniform_Tests.framework in Frameworks */ = {isa = PBXBuildFile; fileRef = FF70CD2AB676CBB4A3C23E36 /* Pods_Uniform_Tests.framework */; };
/* End PBXBuildFile section */

/* Begin PBXContainerItemProxy section */
		607FACE61AFB9204008FA782 /* PBXContainerItemProxy */ = {
			isa = PBXContainerItemProxy;
			containerPortal = 607FACC81AFB9204008FA782 /* Project object */;
			proxyType = 1;
			remoteGlobalIDString = 607FACCF1AFB9204008FA782;
			remoteInfo = Uniform;
		};
/* End PBXContainerItemProxy section */

/* Begin PBXFileReference section */
		15718A81D97D524C71EF2FE4 /* Pods-Uniform_Example.release.xcconfig */ = {isa = PBXFileReference; includeInIndex = 1; lastKnownFileType = text.xcconfig; name = "Pods-Uniform_Example.release.xcconfig"; path = "Pods/Target Support Files/Pods-Uniform_Example/Pods-Uniform_Example.release.xcconfig"; sourceTree = "<group>"; };
		2EB7A8865E5867EEE1987101 /* Uniform.podspec */ = {isa = PBXFileReference; includeInIndex = 1; lastKnownFileType = text; name = Uniform.podspec; path = ../Uniform.podspec; sourceTree = "<group>"; };
		4CA14B98342F469B9EFAF2FC /* Pods_Uniform_Example.framework */ = {isa = PBXFileReference; explicitFileType = wrapper.framework; includeInIndex = 0; path = Pods_Uniform_Example.framework; sourceTree = BUILT_PRODUCTS_DIR; };
		5C4F88091FA780D1004996F4 /* Camera.swift */ = {isa = PBXFileReference; fileEncoding = 4; lastKnownFileType = sourcecode.swift; path = Camera.swift; sourceTree = "<group>"; };
		5C4F880A1FA780D1004996F4 /* Model.swift */ = {isa = PBXFileReference; fileEncoding = 4; lastKnownFileType = sourcecode.swift; path = Model.swift; sourceTree = "<group>"; };
		5C4F880B1FA780D1004996F4 /* Video.swift */ = {isa = PBXFileReference; fileEncoding = 4; lastKnownFileType = sourcecode.swift; path = Video.swift; sourceTree = "<group>"; };
		5C4F880C1FA780D1004996F4 /* User.swift */ = {isa = PBXFileReference; fileEncoding = 4; lastKnownFileType = sourcecode.swift; path = User.swift; sourceTree = "<group>"; };
		5C4F880D1FA780D1004996F4 /* Badge.swift */ = {isa = PBXFileReference; fileEncoding = 4; lastKnownFileType = sourcecode.swift; path = Badge.swift; sourceTree = "<group>"; };
		5C4F881D1FA78133004996F4 /* VideoCell.xib */ = {isa = PBXFileReference; fileEncoding = 4; lastKnownFileType = file.xib; path = VideoCell.xib; sourceTree = "<group>"; };
		5C4F881E1FA78133004996F4 /* VideoCell.swift */ = {isa = PBXFileReference; fileEncoding = 4; lastKnownFileType = sourcecode.swift; path = VideoCell.swift; sourceTree = "<group>"; };
		5C4F88221FA78153004996F4 /* User+Actions.swift */ = {isa = PBXFileReference; fileEncoding = 4; lastKnownFileType = sourcecode.swift; path = "User+Actions.swift"; sourceTree = "<group>"; };
		5C4F88251FA78198004996F4 /* VideosViewController.swift */ = {isa = PBXFileReference; fileEncoding = 4; lastKnownFileType = sourcecode.swift; path = VideosViewController.swift; sourceTree = "<group>"; };
		5C4F88261FA78198004996F4 /* ProfileViewController.swift */ = {isa = PBXFileReference; fileEncoding = 4; lastKnownFileType = sourcecode.swift; path = ProfileViewController.swift; sourceTree = "<group>"; };
		5C4F88271FA78198004996F4 /* TabBarController.swift */ = {isa = PBXFileReference; fileEncoding = 4; lastKnownFileType = sourcecode.swift; path = TabBarController.swift; sourceTree = "<group>"; };
		5C4F88281FA78198004996F4 /* PlayerViewController.swift */ = {isa = PBXFileReference; fileEncoding = 4; lastKnownFileType = sourcecode.swift; path = PlayerViewController.swift; sourceTree = "<group>"; };
		5C4F88291FA78198004996F4 /* VideosViewController.xib */ = {isa = PBXFileReference; fileEncoding = 4; lastKnownFileType = file.xib; path = VideosViewController.xib; sourceTree = "<group>"; };
		5C4F882A1FA78198004996F4 /* PlayerViewController.xib */ = {isa = PBXFileReference; fileEncoding = 4; lastKnownFileType = file.xib; path = PlayerViewController.xib; sourceTree = "<group>"; };
		5C4F882B1FA78198004996F4 /* ProfileViewController.xib */ = {isa = PBXFileReference; fileEncoding = 4; lastKnownFileType = file.xib; path = ProfileViewController.xib; sourceTree = "<group>"; };
		5C7710261FFFF50500FB828A /* PullTests.swift */ = {isa = PBXFileReference; lastKnownFileType = sourcecode.swift; path = PullTests.swift; sourceTree = "<group>"; };
		5CA846311FFEA05800B0FBA6 /* ConsistentEnvironments.swift */ = {isa = PBXFileReference; fileEncoding = 4; lastKnownFileType = sourcecode.swift; path = ConsistentEnvironments.swift; sourceTree = "<group>"; };
		5CA846321FFEA05800B0FBA6 /* ConsistentObjects.swift */ = {isa = PBXFileReference; fileEncoding = 4; lastKnownFileType = sourcecode.swift; path = ConsistentObjects.swift; sourceTree = "<group>"; };
		5CA846361FFEA07200B0FBA6 /* PushTests.swift */ = {isa = PBXFileReference; fileEncoding = 4; lastKnownFileType = sourcecode.swift; path = PushTests.swift; sourceTree = "<group>"; };
		607FACD01AFB9204008FA782 /* Uniform_Example.app */ = {isa = PBXFileReference; explicitFileType = wrapper.application; includeInIndex = 0; path = Uniform_Example.app; sourceTree = BUILT_PRODUCTS_DIR; };
		607FACD41AFB9204008FA782 /* Info.plist */ = {isa = PBXFileReference; lastKnownFileType = text.plist.xml; path = Info.plist; sourceTree = "<group>"; };
		607FACD51AFB9204008FA782 /* AppDelegate.swift */ = {isa = PBXFileReference; lastKnownFileType = sourcecode.swift; path = AppDelegate.swift; sourceTree = "<group>"; };
		607FACDC1AFB9204008FA782 /* Images.xcassets */ = {isa = PBXFileReference; lastKnownFileType = folder.assetcatalog; path = Images.xcassets; sourceTree = "<group>"; };
		607FACDF1AFB9204008FA782 /* Base */ = {isa = PBXFileReference; lastKnownFileType = file.xib; name = Base; path = Base.lproj/LaunchScreen.xib; sourceTree = "<group>"; };
		607FACE51AFB9204008FA782 /* Uniform_Tests.xctest */ = {isa = PBXFileReference; explicitFileType = wrapper.cfbundle; includeInIndex = 0; path = Uniform_Tests.xctest; sourceTree = BUILT_PRODUCTS_DIR; };
		607FACEA1AFB9204008FA782 /* Info.plist */ = {isa = PBXFileReference; lastKnownFileType = text.plist.xml; path = Info.plist; sourceTree = "<group>"; };
		684286D102EB10FA82F75E71 /* Pods-Uniform_Example.debug.xcconfig */ = {isa = PBXFileReference; includeInIndex = 1; lastKnownFileType = text.xcconfig; name = "Pods-Uniform_Example.debug.xcconfig"; path = "Pods/Target Support Files/Pods-Uniform_Example/Pods-Uniform_Example.debug.xcconfig"; sourceTree = "<group>"; };
		8D0AE73D4647BF3C11CE93D6 /* LICENSE */ = {isa = PBXFileReference; includeInIndex = 1; lastKnownFileType = text; name = LICENSE; path = ../LICENSE; sourceTree = "<group>"; };
		BACAFC37D0195BCE41B22294 /* Pods-Uniform_Tests.release.xcconfig */ = {isa = PBXFileReference; includeInIndex = 1; lastKnownFileType = text.xcconfig; name = "Pods-Uniform_Tests.release.xcconfig"; path = "Pods/Target Support Files/Pods-Uniform_Tests/Pods-Uniform_Tests.release.xcconfig"; sourceTree = "<group>"; };
		D82A86BEBAD53C89C38D1005 /* README.md */ = {isa = PBXFileReference; includeInIndex = 1; lastKnownFileType = net.daringfireball.markdown; name = README.md; path = ../README.md; sourceTree = "<group>"; };
		ED4D12B9E3302901B673F580 /* Pods-Uniform_Tests.debug.xcconfig */ = {isa = PBXFileReference; includeInIndex = 1; lastKnownFileType = text.xcconfig; name = "Pods-Uniform_Tests.debug.xcconfig"; path = "Pods/Target Support Files/Pods-Uniform_Tests/Pods-Uniform_Tests.debug.xcconfig"; sourceTree = "<group>"; };
		FF70CD2AB676CBB4A3C23E36 /* Pods_Uniform_Tests.framework */ = {isa = PBXFileReference; explicitFileType = wrapper.framework; includeInIndex = 0; path = Pods_Uniform_Tests.framework; sourceTree = BUILT_PRODUCTS_DIR; };
/* End PBXFileReference section */

/* Begin PBXFrameworksBuildPhase section */
		607FACCD1AFB9204008FA782 /* Frameworks */ = {
			isa = PBXFrameworksBuildPhase;
			buildActionMask = 2147483647;
			files = (
				471AE92D97565B722420E14D /* Pods_Uniform_Example.framework in Frameworks */,
			);
			runOnlyForDeploymentPostprocessing = 0;
		};
		607FACE21AFB9204008FA782 /* Frameworks */ = {
			isa = PBXFrameworksBuildPhase;
			buildActionMask = 2147483647;
			files = (
				F16C4675026255ED33CDF848 /* Pods_Uniform_Tests.framework in Frameworks */,
			);
			runOnlyForDeploymentPostprocessing = 0;
		};
/* End PBXFrameworksBuildPhase section */

/* Begin PBXGroup section */
		4CACB266C3648FC70AFA141E /* Pods */ = {
			isa = PBXGroup;
			children = (
				684286D102EB10FA82F75E71 /* Pods-Uniform_Example.debug.xcconfig */,
				15718A81D97D524C71EF2FE4 /* Pods-Uniform_Example.release.xcconfig */,
				ED4D12B9E3302901B673F580 /* Pods-Uniform_Tests.debug.xcconfig */,
				BACAFC37D0195BCE41B22294 /* Pods-Uniform_Tests.release.xcconfig */,
			);
			name = Pods;
			sourceTree = "<group>";
		};
		5C4F88071FA780B8004996F4 /* Models */ = {
			isa = PBXGroup;
			children = (
				5C4F880A1FA780D1004996F4 /* Model.swift */,
				5C4F880D1FA780D1004996F4 /* Badge.swift */,
				5C4F88091FA780D1004996F4 /* Camera.swift */,
				5C4F880C1FA780D1004996F4 /* User.swift */,
				5C4F880B1FA780D1004996F4 /* Video.swift */,
			);
			name = Models;
			sourceTree = "<group>";
		};
		5C4F881C1FA78124004996F4 /* Cells */ = {
			isa = PBXGroup;
			children = (
				5C4F881E1FA78133004996F4 /* VideoCell.swift */,
				5C4F881D1FA78133004996F4 /* VideoCell.xib */,
			);
			name = Cells;
			sourceTree = "<group>";
		};
		5C4F88211FA78140004996F4 /* Actions */ = {
			isa = PBXGroup;
			children = (
				5C4F88221FA78153004996F4 /* User+Actions.swift */,
			);
			name = Actions;
			sourceTree = "<group>";
		};
		5C4F88241FA78185004996F4 /* View Controllers */ = {
			isa = PBXGroup;
			children = (
				5C4F88271FA78198004996F4 /* TabBarController.swift */,
				5C4F88281FA78198004996F4 /* PlayerViewController.swift */,
				5C4F882A1FA78198004996F4 /* PlayerViewController.xib */,
				5C4F88261FA78198004996F4 /* ProfileViewController.swift */,
				5C4F882B1FA78198004996F4 /* ProfileViewController.xib */,
				5C4F88251FA78198004996F4 /* VideosViewController.swift */,
				5C4F88291FA78198004996F4 /* VideosViewController.xib */,
			);
			name = "View Controllers";
			sourceTree = "<group>";
		};
		5CA846301FFEA04300B0FBA6 /* Classes */ = {
			isa = PBXGroup;
			children = (
				5CA846311FFEA05800B0FBA6 /* ConsistentEnvironments.swift */,
				5CA846321FFEA05800B0FBA6 /* ConsistentObjects.swift */,
			);
			name = Classes;
			sourceTree = "<group>";
		};
		607FACC71AFB9204008FA782 = {
			isa = PBXGroup;
			children = (
				607FACF51AFB993E008FA782 /* Podspec Metadata */,
				607FACD21AFB9204008FA782 /* Example for Uniform */,
				607FACE81AFB9204008FA782 /* Tests */,
				607FACD11AFB9204008FA782 /* Products */,
				4CACB266C3648FC70AFA141E /* Pods */,
				95DEE4488B67576BDFAF6AD6 /* Frameworks */,
			);
			sourceTree = "<group>";
		};
		607FACD11AFB9204008FA782 /* Products */ = {
			isa = PBXGroup;
			children = (
				607FACD01AFB9204008FA782 /* Uniform_Example.app */,
				607FACE51AFB9204008FA782 /* Uniform_Tests.xctest */,
			);
			name = Products;
			sourceTree = "<group>";
		};
		607FACD21AFB9204008FA782 /* Example for Uniform */ = {
			isa = PBXGroup;
			children = (
				5C4F88241FA78185004996F4 /* View Controllers */,
				5C4F88211FA78140004996F4 /* Actions */,
				5C4F881C1FA78124004996F4 /* Cells */,
				5C4F88071FA780B8004996F4 /* Models */,
				607FACD51AFB9204008FA782 /* AppDelegate.swift */,
				607FACDC1AFB9204008FA782 /* Images.xcassets */,
				607FACDE1AFB9204008FA782 /* LaunchScreen.xib */,
				607FACD31AFB9204008FA782 /* Supporting Files */,
			);
			name = "Example for Uniform";
			path = Uniform;
			sourceTree = "<group>";
		};
		607FACD31AFB9204008FA782 /* Supporting Files */ = {
			isa = PBXGroup;
			children = (
				607FACD41AFB9204008FA782 /* Info.plist */,
			);
			name = "Supporting Files";
			sourceTree = "<group>";
		};
		607FACE81AFB9204008FA782 /* Tests */ = {
			isa = PBXGroup;
			children = (
				5CA846301FFEA04300B0FBA6 /* Classes */,
				5CA846361FFEA07200B0FBA6 /* PushTests.swift */,
				5C7710261FFFF50500FB828A /* PullTests.swift */,
				607FACE91AFB9204008FA782 /* Supporting Files */,
			);
			path = Tests;
			sourceTree = "<group>";
		};
		607FACE91AFB9204008FA782 /* Supporting Files */ = {
			isa = PBXGroup;
			children = (
				607FACEA1AFB9204008FA782 /* Info.plist */,
			);
			name = "Supporting Files";
			sourceTree = "<group>";
		};
		607FACF51AFB993E008FA782 /* Podspec Metadata */ = {
			isa = PBXGroup;
			children = (
				2EB7A8865E5867EEE1987101 /* Uniform.podspec */,
				D82A86BEBAD53C89C38D1005 /* README.md */,
				8D0AE73D4647BF3C11CE93D6 /* LICENSE */,
			);
			name = "Podspec Metadata";
			sourceTree = "<group>";
		};
		95DEE4488B67576BDFAF6AD6 /* Frameworks */ = {
			isa = PBXGroup;
			children = (
				4CA14B98342F469B9EFAF2FC /* Pods_Uniform_Example.framework */,
				FF70CD2AB676CBB4A3C23E36 /* Pods_Uniform_Tests.framework */,
			);
			name = Frameworks;
			sourceTree = "<group>";
		};
/* End PBXGroup section */

/* Begin PBXNativeTarget section */
		607FACCF1AFB9204008FA782 /* Uniform_Example */ = {
			isa = PBXNativeTarget;
			buildConfigurationList = 607FACEF1AFB9204008FA782 /* Build configuration list for PBXNativeTarget "Uniform_Example" */;
			buildPhases = (
				4421C0E7B3B941846CA0C7A6 /* [CP] Check Pods Manifest.lock */,
				607FACCC1AFB9204008FA782 /* Sources */,
				607FACCD1AFB9204008FA782 /* Frameworks */,
				607FACCE1AFB9204008FA782 /* Resources */,
				4C59290F983739EBD50A7B85 /* [CP] Embed Pods Frameworks */,
				DEC4D07B78A05734DF10E449 /* [CP] Copy Pods Resources */,
			);
			buildRules = (
			);
			dependencies = (
			);
			name = Uniform_Example;
			productName = Uniform;
			productReference = 607FACD01AFB9204008FA782 /* Uniform_Example.app */;
			productType = "com.apple.product-type.application";
		};
		607FACE41AFB9204008FA782 /* Uniform_Tests */ = {
			isa = PBXNativeTarget;
			buildConfigurationList = 607FACF21AFB9204008FA782 /* Build configuration list for PBXNativeTarget "Uniform_Tests" */;
			buildPhases = (
				D4AD648F1228774AABCEA779 /* [CP] Check Pods Manifest.lock */,
				607FACE11AFB9204008FA782 /* Sources */,
				607FACE21AFB9204008FA782 /* Frameworks */,
				607FACE31AFB9204008FA782 /* Resources */,
				E0CA29D01BB93AE94581C158 /* [CP] Embed Pods Frameworks */,
				300FA90DAAB974CA82C27E63 /* [CP] Copy Pods Resources */,
			);
			buildRules = (
			);
			dependencies = (
				607FACE71AFB9204008FA782 /* PBXTargetDependency */,
			);
			name = Uniform_Tests;
			productName = Tests;
			productReference = 607FACE51AFB9204008FA782 /* Uniform_Tests.xctest */;
			productType = "com.apple.product-type.bundle.unit-test";
		};
/* End PBXNativeTarget section */

/* Begin PBXProject section */
		607FACC81AFB9204008FA782 /* Project object */ = {
			isa = PBXProject;
			attributes = {
				LastSwiftUpdateCheck = 0830;
				LastUpgradeCheck = 0830;
				ORGANIZATIONNAME = CocoaPods;
				TargetAttributes = {
					607FACCF1AFB9204008FA782 = {
						CreatedOnToolsVersion = 6.3.1;
						DevelopmentTeam = 35R365FS4Q;
						LastSwiftMigration = 0900;
					};
					607FACE41AFB9204008FA782 = {
						CreatedOnToolsVersion = 6.3.1;
						LastSwiftMigration = 0900;
						TestTargetID = 607FACCF1AFB9204008FA782;
					};
				};
			};
			buildConfigurationList = 607FACCB1AFB9204008FA782 /* Build configuration list for PBXProject "Uniform" */;
			compatibilityVersion = "Xcode 3.2";
			developmentRegion = English;
			hasScannedForEncodings = 0;
			knownRegions = (
				English,
				en,
				Base,
			);
			mainGroup = 607FACC71AFB9204008FA782;
			productRefGroup = 607FACD11AFB9204008FA782 /* Products */;
			projectDirPath = "";
			projectRoot = "";
			targets = (
				607FACCF1AFB9204008FA782 /* Uniform_Example */,
				607FACE41AFB9204008FA782 /* Uniform_Tests */,
			);
		};
/* End PBXProject section */

/* Begin PBXResourcesBuildPhase section */
		607FACCE1AFB9204008FA782 /* Resources */ = {
			isa = PBXResourcesBuildPhase;
			buildActionMask = 2147483647;
			files = (
				5C4F88321FA78198004996F4 /* ProfileViewController.xib in Resources */,
				5C4F881F1FA78133004996F4 /* VideoCell.xib in Resources */,
				5C4F88301FA78198004996F4 /* VideosViewController.xib in Resources */,
				607FACE01AFB9204008FA782 /* LaunchScreen.xib in Resources */,
				607FACDD1AFB9204008FA782 /* Images.xcassets in Resources */,
				5C4F88311FA78198004996F4 /* PlayerViewController.xib in Resources */,
			);
			runOnlyForDeploymentPostprocessing = 0;
		};
		607FACE31AFB9204008FA782 /* Resources */ = {
			isa = PBXResourcesBuildPhase;
			buildActionMask = 2147483647;
			files = (
			);
			runOnlyForDeploymentPostprocessing = 0;
		};
/* End PBXResourcesBuildPhase section */

/* Begin PBXShellScriptBuildPhase section */
		300FA90DAAB974CA82C27E63 /* [CP] Copy Pods Resources */ = {
			isa = PBXShellScriptBuildPhase;
			buildActionMask = 2147483647;
			files = (
			);
			inputPaths = (
			);
			name = "[CP] Copy Pods Resources";
			outputPaths = (
			);
			runOnlyForDeploymentPostprocessing = 0;
			shellPath = /bin/sh;
			shellScript = "\"${SRCROOT}/Pods/Target Support Files/Pods-Uniform_Tests/Pods-Uniform_Tests-resources.sh\"\n";
			showEnvVarsInLog = 0;
		};
		4421C0E7B3B941846CA0C7A6 /* [CP] Check Pods Manifest.lock */ = {
			isa = PBXShellScriptBuildPhase;
			buildActionMask = 2147483647;
			files = (
			);
			inputPaths = (
			);
			name = "[CP] Check Pods Manifest.lock";
			outputPaths = (
			);
			runOnlyForDeploymentPostprocessing = 0;
			shellPath = /bin/sh;
			shellScript = "diff \"${PODS_ROOT}/../Podfile.lock\" \"${PODS_ROOT}/Manifest.lock\" > /dev/null\nif [ $? != 0 ] ; then\n    # print error to STDERR\n    echo \"error: The sandbox is not in sync with the Podfile.lock. Run 'pod install' or update your CocoaPods installation.\" >&2\n    exit 1\nfi\n";
			showEnvVarsInLog = 0;
		};
		4C59290F983739EBD50A7B85 /* [CP] Embed Pods Frameworks */ = {
			isa = PBXShellScriptBuildPhase;
			buildActionMask = 2147483647;
			files = (
			);
			inputPaths = (
			);
			name = "[CP] Embed Pods Frameworks";
			outputPaths = (
			);
			runOnlyForDeploymentPostprocessing = 0;
			shellPath = /bin/sh;
			shellScript = "\"${SRCROOT}/Pods/Target Support Files/Pods-Uniform_Example/Pods-Uniform_Example-frameworks.sh\"\n";
			showEnvVarsInLog = 0;
		};
		D4AD648F1228774AABCEA779 /* [CP] Check Pods Manifest.lock */ = {
			isa = PBXShellScriptBuildPhase;
			buildActionMask = 2147483647;
			files = (
			);
			inputPaths = (
			);
			name = "[CP] Check Pods Manifest.lock";
			outputPaths = (
			);
			runOnlyForDeploymentPostprocessing = 0;
			shellPath = /bin/sh;
			shellScript = "diff \"${PODS_ROOT}/../Podfile.lock\" \"${PODS_ROOT}/Manifest.lock\" > /dev/null\nif [ $? != 0 ] ; then\n    # print error to STDERR\n    echo \"error: The sandbox is not in sync with the Podfile.lock. Run 'pod install' or update your CocoaPods installation.\" >&2\n    exit 1\nfi\n";
			showEnvVarsInLog = 0;
		};
		DEC4D07B78A05734DF10E449 /* [CP] Copy Pods Resources */ = {
			isa = PBXShellScriptBuildPhase;
			buildActionMask = 2147483647;
			files = (
			);
			inputPaths = (
			);
			name = "[CP] Copy Pods Resources";
			outputPaths = (
			);
			runOnlyForDeploymentPostprocessing = 0;
			shellPath = /bin/sh;
			shellScript = "\"${SRCROOT}/Pods/Target Support Files/Pods-Uniform_Example/Pods-Uniform_Example-resources.sh\"\n";
			showEnvVarsInLog = 0;
		};
		E0CA29D01BB93AE94581C158 /* [CP] Embed Pods Frameworks */ = {
			isa = PBXShellScriptBuildPhase;
			buildActionMask = 2147483647;
			files = (
			);
			inputPaths = (
			);
			name = "[CP] Embed Pods Frameworks";
			outputPaths = (
			);
			runOnlyForDeploymentPostprocessing = 0;
			shellPath = /bin/sh;
			shellScript = "\"${SRCROOT}/Pods/Target Support Files/Pods-Uniform_Tests/Pods-Uniform_Tests-frameworks.sh\"\n";
			showEnvVarsInLog = 0;
		};
/* End PBXShellScriptBuildPhase section */

/* Begin PBXSourcesBuildPhase section */
		607FACCC1AFB9204008FA782 /* Sources */ = {
			isa = PBXSourcesBuildPhase;
			buildActionMask = 2147483647;
			files = (
				5C4F882C1FA78198004996F4 /* VideosViewController.swift in Sources */,
				5C4F88121FA780D1004996F4 /* Badge.swift in Sources */,
				5C4F88201FA78133004996F4 /* VideoCell.swift in Sources */,
				607FACD61AFB9204008FA782 /* AppDelegate.swift in Sources */,
				5C4F88111FA780D1004996F4 /* User.swift in Sources */,
				5C4F882D1FA78198004996F4 /* ProfileViewController.swift in Sources */,
				5C4F882F1FA78198004996F4 /* PlayerViewController.swift in Sources */,
				5C4F880E1FA780D1004996F4 /* Camera.swift in Sources */,
				5C4F88231FA78153004996F4 /* User+Actions.swift in Sources */,
				5C4F882E1FA78198004996F4 /* TabBarController.swift in Sources */,
				5C4F880F1FA780D1004996F4 /* Model.swift in Sources */,
				5C4F88101FA780D1004996F4 /* Video.swift in Sources */,
			);
			runOnlyForDeploymentPostprocessing = 0;
		};
		607FACE11AFB9204008FA782 /* Sources */ = {
			isa = PBXSourcesBuildPhase;
			buildActionMask = 2147483647;
			files = (
				5CA846391FFEA08900B0FBA6 /* Model.swift in Sources */,
				5CA846331FFEA05800B0FBA6 /* ConsistentEnvironments.swift in Sources */,
				5CA846381FFEA07200B0FBA6 /* PushTests.swift in Sources */,
				5CA846341FFEA05800B0FBA6 /* ConsistentObjects.swift in Sources */,
				5C7710271FFFF50500FB828A /* PullTests.swift in Sources */,
			);
			runOnlyForDeploymentPostprocessing = 0;
		};
/* End PBXSourcesBuildPhase section */

/* Begin PBXTargetDependency section */
		607FACE71AFB9204008FA782 /* PBXTargetDependency */ = {
			isa = PBXTargetDependency;
			target = 607FACCF1AFB9204008FA782 /* Uniform_Example */;
			targetProxy = 607FACE61AFB9204008FA782 /* PBXContainerItemProxy */;
		};
/* End PBXTargetDependency section */

/* Begin PBXVariantGroup section */
		607FACDE1AFB9204008FA782 /* LaunchScreen.xib */ = {
			isa = PBXVariantGroup;
			children = (
				607FACDF1AFB9204008FA782 /* Base */,
			);
			name = LaunchScreen.xib;
			sourceTree = "<group>";
		};
/* End PBXVariantGroup section */

/* Begin XCBuildConfiguration section */
		607FACED1AFB9204008FA782 /* Debug */ = {
			isa = XCBuildConfiguration;
			buildSettings = {
				ALWAYS_SEARCH_USER_PATHS = NO;
				CLANG_CXX_LANGUAGE_STANDARD = "gnu++0x";
				CLANG_CXX_LIBRARY = "libc++";
				CLANG_ENABLE_MODULES = YES;
				CLANG_ENABLE_OBJC_ARC = YES;
				CLANG_WARN_BLOCK_CAPTURE_AUTORELEASING = YES;
				CLANG_WARN_BOOL_CONVERSION = YES;
				CLANG_WARN_COMMA = YES;
				CLANG_WARN_CONSTANT_CONVERSION = YES;
				CLANG_WARN_DIRECT_OBJC_ISA_USAGE = YES_ERROR;
				CLANG_WARN_EMPTY_BODY = YES;
				CLANG_WARN_ENUM_CONVERSION = YES;
				CLANG_WARN_INFINITE_RECURSION = YES;
				CLANG_WARN_INT_CONVERSION = YES;
				CLANG_WARN_NON_LITERAL_NULL_CONVERSION = YES;
				CLANG_WARN_OBJC_LITERAL_CONVERSION = YES;
				CLANG_WARN_OBJC_ROOT_CLASS = YES_ERROR;
				CLANG_WARN_RANGE_LOOP_ANALYSIS = YES;
				CLANG_WARN_STRICT_PROTOTYPES = YES;
				CLANG_WARN_SUSPICIOUS_MOVE = YES;
				CLANG_WARN_UNREACHABLE_CODE = YES;
				CLANG_WARN__DUPLICATE_METHOD_MATCH = YES;
				"CODE_SIGN_IDENTITY[sdk=iphoneos*]" = "iPhone Developer";
				COPY_PHASE_STRIP = NO;
				DEBUG_INFORMATION_FORMAT = "dwarf-with-dsym";
				ENABLE_STRICT_OBJC_MSGSEND = YES;
				ENABLE_TESTABILITY = YES;
				GCC_C_LANGUAGE_STANDARD = gnu99;
				GCC_DYNAMIC_NO_PIC = NO;
				GCC_NO_COMMON_BLOCKS = YES;
				GCC_OPTIMIZATION_LEVEL = 0;
				GCC_PREPROCESSOR_DEFINITIONS = (
					"DEBUG=1",
					"$(inherited)",
				);
				GCC_SYMBOLS_PRIVATE_EXTERN = NO;
				GCC_WARN_64_TO_32_BIT_CONVERSION = YES;
				GCC_WARN_ABOUT_RETURN_TYPE = YES_ERROR;
				GCC_WARN_UNDECLARED_SELECTOR = YES;
				GCC_WARN_UNINITIALIZED_AUTOS = YES_AGGRESSIVE;
				GCC_WARN_UNUSED_FUNCTION = YES;
				GCC_WARN_UNUSED_VARIABLE = YES;
				IPHONEOS_DEPLOYMENT_TARGET = 9.3;
				MTL_ENABLE_DEBUG_INFO = YES;
				ONLY_ACTIVE_ARCH = YES;
				SDKROOT = iphoneos;
				SWIFT_OPTIMIZATION_LEVEL = "-Onone";
				SWIFT_VERSION = 4.2;
			};
			name = Debug;
		};
		607FACEE1AFB9204008FA782 /* Release */ = {
			isa = XCBuildConfiguration;
			buildSettings = {
				ALWAYS_SEARCH_USER_PATHS = NO;
				CLANG_CXX_LANGUAGE_STANDARD = "gnu++0x";
				CLANG_CXX_LIBRARY = "libc++";
				CLANG_ENABLE_MODULES = YES;
				CLANG_ENABLE_OBJC_ARC = YES;
				CLANG_WARN_BLOCK_CAPTURE_AUTORELEASING = YES;
				CLANG_WARN_BOOL_CONVERSION = YES;
				CLANG_WARN_COMMA = YES;
				CLANG_WARN_CONSTANT_CONVERSION = YES;
				CLANG_WARN_DIRECT_OBJC_ISA_USAGE = YES_ERROR;
				CLANG_WARN_EMPTY_BODY = YES;
				CLANG_WARN_ENUM_CONVERSION = YES;
				CLANG_WARN_INFINITE_RECURSION = YES;
				CLANG_WARN_INT_CONVERSION = YES;
				CLANG_WARN_NON_LITERAL_NULL_CONVERSION = YES;
				CLANG_WARN_OBJC_LITERAL_CONVERSION = YES;
				CLANG_WARN_OBJC_ROOT_CLASS = YES_ERROR;
				CLANG_WARN_RANGE_LOOP_ANALYSIS = YES;
				CLANG_WARN_STRICT_PROTOTYPES = YES;
				CLANG_WARN_SUSPICIOUS_MOVE = YES;
				CLANG_WARN_UNREACHABLE_CODE = YES;
				CLANG_WARN__DUPLICATE_METHOD_MATCH = YES;
				"CODE_SIGN_IDENTITY[sdk=iphoneos*]" = "iPhone Developer";
				COPY_PHASE_STRIP = NO;
				DEBUG_INFORMATION_FORMAT = "dwarf-with-dsym";
				ENABLE_NS_ASSERTIONS = NO;
				ENABLE_STRICT_OBJC_MSGSEND = YES;
				GCC_C_LANGUAGE_STANDARD = gnu99;
				GCC_NO_COMMON_BLOCKS = YES;
				GCC_WARN_64_TO_32_BIT_CONVERSION = YES;
				GCC_WARN_ABOUT_RETURN_TYPE = YES_ERROR;
				GCC_WARN_UNDECLARED_SELECTOR = YES;
				GCC_WARN_UNINITIALIZED_AUTOS = YES_AGGRESSIVE;
				GCC_WARN_UNUSED_FUNCTION = YES;
				GCC_WARN_UNUSED_VARIABLE = YES;
				IPHONEOS_DEPLOYMENT_TARGET = 9.3;
				MTL_ENABLE_DEBUG_INFO = NO;
				SDKROOT = iphoneos;
				SWIFT_OPTIMIZATION_LEVEL = "-Owholemodule";
				SWIFT_VERSION = 4.2;
				VALIDATE_PRODUCT = YES;
			};
			name = Release;
		};
		607FACF01AFB9204008FA782 /* Debug */ = {
			isa = XCBuildConfiguration;
			baseConfigurationReference = 684286D102EB10FA82F75E71 /* Pods-Uniform_Example.debug.xcconfig */;
			buildSettings = {
				ASSETCATALOG_COMPILER_APPICON_NAME = AppIcon;
				DEVELOPMENT_TEAM = 35R365FS4Q;
				INFOPLIST_FILE = Uniform/Info.plist;
				LD_RUNPATH_SEARCH_PATHS = "$(inherited) @executable_path/Frameworks";
				MODULE_NAME = ExampleApp;
				PRODUCT_BUNDLE_IDENTIFIER = "org.cocoapods.demo.$(PRODUCT_NAME:rfc1034identifier)";
				PRODUCT_NAME = "$(TARGET_NAME)";
				SWIFT_SWIFT3_OBJC_INFERENCE = Default;
			};
			name = Debug;
		};
		607FACF11AFB9204008FA782 /* Release */ = {
			isa = XCBuildConfiguration;
			baseConfigurationReference = 15718A81D97D524C71EF2FE4 /* Pods-Uniform_Example.release.xcconfig */;
			buildSettings = {
				ASSETCATALOG_COMPILER_APPICON_NAME = AppIcon;
				DEVELOPMENT_TEAM = 35R365FS4Q;
				INFOPLIST_FILE = Uniform/Info.plist;
				LD_RUNPATH_SEARCH_PATHS = "$(inherited) @executable_path/Frameworks";
				MODULE_NAME = ExampleApp;
				PRODUCT_BUNDLE_IDENTIFIER = "org.cocoapods.demo.$(PRODUCT_NAME:rfc1034identifier)";
				PRODUCT_NAME = "$(TARGET_NAME)";
				SWIFT_SWIFT3_OBJC_INFERENCE = Default;
			};
			name = Release;
		};
		607FACF31AFB9204008FA782 /* Debug */ = {
			isa = XCBuildConfiguration;
			baseConfigurationReference = ED4D12B9E3302901B673F580 /* Pods-Uniform_Tests.debug.xcconfig */;
			buildSettings = {
				FRAMEWORK_SEARCH_PATHS = (
					"$(SDKROOT)/Developer/Library/Frameworks",
					"$(inherited)",
				);
				GCC_PREPROCESSOR_DEFINITIONS = (
					"DEBUG=1",
					"$(inherited)",
				);
				INFOPLIST_FILE = Tests/Info.plist;
				LD_RUNPATH_SEARCH_PATHS = "$(inherited) @executable_path/Frameworks @loader_path/Frameworks";
				PRODUCT_BUNDLE_IDENTIFIER = "org.cocoapods.$(PRODUCT_NAME:rfc1034identifier)";
				PRODUCT_NAME = "$(TARGET_NAME)";
				SWIFT_SWIFT3_OBJC_INFERENCE = Default;
			};
			name = Debug;
		};
		607FACF41AFB9204008FA782 /* Release */ = {
			isa = XCBuildConfiguration;
			baseConfigurationReference = BACAFC37D0195BCE41B22294 /* Pods-Uniform_Tests.release.xcconfig */;
			buildSettings = {
				FRAMEWORK_SEARCH_PATHS = (
					"$(SDKROOT)/Developer/Library/Frameworks",
					"$(inherited)",
				);
				INFOPLIST_FILE = Tests/Info.plist;
				LD_RUNPATH_SEARCH_PATHS = "$(inherited) @executable_path/Frameworks @loader_path/Frameworks";
				PRODUCT_BUNDLE_IDENTIFIER = "org.cocoapods.$(PRODUCT_NAME:rfc1034identifier)";
				PRODUCT_NAME = "$(TARGET_NAME)";
				SWIFT_SWIFT3_OBJC_INFERENCE = Default;
			};
			name = Release;
		};
/* End XCBuildConfiguration section */

/* Begin XCConfigurationList section */
		607FACCB1AFB9204008FA782 /* Build configuration list for PBXProject "Uniform" */ = {
			isa = XCConfigurationList;
			buildConfigurations = (
				607FACED1AFB9204008FA782 /* Debug */,
				607FACEE1AFB9204008FA782 /* Release */,
			);
			defaultConfigurationIsVisible = 0;
			defaultConfigurationName = Release;
		};
		607FACEF1AFB9204008FA782 /* Build configuration list for PBXNativeTarget "Uniform_Example" */ = {
			isa = XCConfigurationList;
			buildConfigurations = (
				607FACF01AFB9204008FA782 /* Debug */,
				607FACF11AFB9204008FA782 /* Release */,
			);
			defaultConfigurationIsVisible = 0;
			defaultConfigurationName = Release;
		};
		607FACF21AFB9204008FA782 /* Build configuration list for PBXNativeTarget "Uniform_Tests" */ = {
			isa = XCConfigurationList;
			buildConfigurations = (
				607FACF31AFB9204008FA782 /* Debug */,
				607FACF41AFB9204008FA782 /* Release */,
			);
			defaultConfigurationIsVisible = 0;
			defaultConfigurationName = Release;
		};
/* End XCConfigurationList section */
	};
	rootObject = 607FACC81AFB9204008FA782 /* Project object */;
}
